version: 1.0
shards:
  da_process:
    github: da99/da_process.cr
    version: 1.2.1

  da_spec:
    github: da99/da_spec.cr
    version: 0.4.2

  inspect_bang:
    github: da99/inspect_bang.cr
    version: 1.0.1

  my_git:
    github: da99/my_git.cr
    version: 0.1.0

  terminal_table:
    github: benoist/terminal_table.cr
    commit: a14e244219a6a7b804b3491bafcff73f4b74855e

